{
  "name": "angular-cli-scripts-repotest",
  "version": "1.0.0",
  "lockfileVersion": 3,
  "requires": true,
  "packages": {
    "": {
      "name": "angular-cli-scripts-repotest",
      "version": "1.0.0",
      "dependencies": {
        "@angular/cli": "17.3.0",
        "@angular/core": "17.3.0",
        "left-pad": "1.3.0",
        "license-report": "6.5.0"
      }
    },
    "node_modules/@angular/cli": {
      "version": "17.3.0",
      "resolved": "https://registry.npmjs.org/@angular/cli/-/cli-17.3.0.tgz"
    },
    "node_modules/@angular/core": {
      "version": "17.3.0",
      "resolved": "https://registry.npmjs.org/@angular/core/-/core-17.3.0.tgz"
    },
    "node_modules/left-pad": {
      "version": "1.3.0",
      "resolved": "https://registry.npmjs.org/left-pad/-/left-pad-1.3.0.tgz"
    },
    "node_modules/license-report": {
      "version": "6.5.0",
      "resolved": "https://registry.npmjs.org/license-report/-/license-report-6.5.0.tgz",
      "bin": {
        "license-report": "./bin/license-report.js"
      }
    }
  }
}
