lockfileVersion: '9.0'

settings:
  autoInstallPeers: true
  excludeLinksFromLockfile: false

importers:

  .:
    dependencies:
      is-odd:
        specifier: 3.0.1
        version: 3.0.1

  packages/member:
    dependencies:
      is-even:
        specifier: 1.0.0
        version: 1.0.0

packages:

  is-even@1.0.0:
    resolution: {integrity: sha512-bbbbbbbbbbbbbbbbbbbbbbbbbbbbbbbbbbbbbbbbbbbbbbbbbbbbbbbbbbbbbbbb==}

  is-odd@3.0.1:
    resolution: {integrity: sha512-aaaaaaaaaaaaaaaaaaaaaaaaaaaaaaaaaaaaaaaaaaaaaaaaaaaaaaaaaaaaaaaa==}

snapshots:

  is-even@1.0.0: {}

  is-odd@3.0.1: {}
