{
  "name": "client-app",
  "version": "0.1.0",
  "lockfileVersion": 3,
  "requires": true,
  "packages": {
    "": {
      "name": "client-app",
      "version": "0.1.0",
      "dependencies": {
        "chart.js": "^4.4.1"
      }
    },
    "node_modules/@kurkle/color": {
      "version": "0.3.2",
      "resolved": "https://registry.npmjs.org/@kurkle/color/-/color-0.3.2.tgz",
      "integrity": "sha512-gQFrArD1BaVdW7KtPugJ2dS9aQ2Rux47eevHsLyAGQVtOLBuHdyn6cqF5QBrUVzQ3vjJlQ6aBWpPYWZ5n0Ht6w=="
    },
    "node_modules/chart.js": {
      "version": "4.4.1",
      "resolved": "https://registry.npmjs.org/chart.js/-/chart.js-4.4.1.tgz",
      "integrity": "sha512-C74AQVOQDOjmPUH6ACgDdmGzOs2ixuYg0x7WxvucEqxD+LrbjosFs3qMbaiCnwo8XmWxnqzpWoN9o011V8xLZQ==",
      "dependencies": {
        "@kurkle/color": "^0.3.0"
      }
    }
  }
}
